
Microsoft Visual Studio Solution File, Format Version 12.00
# Visual Studio Version 17
VisualStudioVersion = 17.9.34622.214
MinimumVisualStudioVersion = 10.0.40219.1
Project("{9A19103F-16F7-4668-BE54-9A1E7A4F7556}") = "ConcurrencyLab", "ConcurrencyLab\ConcurrencyLab.csproj", "{1A48602B-1996-491D-8AC4-03C151FF82F4}"
EndProject
Global
	GlobalSection(SolutionConfigurationPlatforms) = preSolution
		Debug|Any CPU = Debug|Any CPU
		Release|Any CPU = Release|Any CPU
	EndGlobalSection
	GlobalSection(ProjectConfigurationPlatforms) = postSolution
		{1A48602B-1996-491D-8AC4-03C151FF82F4}.Debug|Any CPU.ActiveCfg = Debug|Any CPU
		{1A48602B-1996-491D-8AC4-03C151FF82F4}.Debug|Any CPU.Build.0 = Debug|Any CPU
		{1A48602B-1996-491D-8AC4-03C151FF82F4}.Release|Any CPU.ActiveCfg = Release|Any CPU
		{1A48602B-1996-491D-8AC4-03C151FF82F4}.Release|Any CPU.Build.0 = Release|Any CPU
	EndGlobalSection
	GlobalSection(SolutionProperties) = preSolution
		HideSolutionNode = FALSE
	EndGlobalSection
	GlobalSection(ExtensibilityGlobals) = postSolution
		SolutionGuid = {928A5019-C13A-47EA-8FAD-7B56C76C8DC8}
	EndGlobalSection
EndGlobal
